
Microsoft Visual Studio Solution File, Format Version 12.00
# Visual Studio Version 17
VisualStudioVersion = 17.5.002.0
MinimumVisualStudioVersion = 10.0.40219.1
Project("{9A19103F-16F7-4668-BE54-9A1E7A4F7556}") = "Starter", "Starter\Starter.csproj", "{C514B890-874C-4E25-9451-E388A9313C63}"
EndProject
Project("{9A19103F-16F7-4668-BE54-9A1E7A4F7556}") = "Final", "Final\Final.csproj", "{C44BDD56-8BE9-4B17-B821-0CBCFD5F74D0}"
EndProject
Global
	GlobalSection(SolutionConfigurationPlatforms) = preSolution
		Debug|Any CPU = Debug|Any CPU
		Release|Any CPU = Release|Any CPU
	EndGlobalSection
	GlobalSection(ProjectConfigurationPlatforms) = postSolution
		{C514B890-874C-4E25-9451-E388A9313C63}.Debug|Any CPU.ActiveCfg = Debug|Any CPU
		{C514B890-874C-4E25-9451-E388A9313C63}.Debug|Any CPU.Build.0 = Debug|Any CPU
		{C514B890-874C-4E25-9451-E388A9313C63}.Release|Any CPU.ActiveCfg = Release|Any CPU
		{C514B890-874C-4E25-9451-E388A9313C63}.Release|Any CPU.Build.0 = Release|Any CPU
		{C44BDD56-8BE9-4B17-B821-0CBCFD5F74D0}.Debug|Any CPU.ActiveCfg = Debug|Any CPU
		{C44BDD56-8BE9-4B17-B821-0CBCFD5F74D0}.Debug|Any CPU.Build.0 = Debug|Any CPU
		{C44BDD56-8BE9-4B17-B821-0CBCFD5F74D0}.Release|Any CPU.ActiveCfg = Release|Any CPU
		{C44BDD56-8BE9-4B17-B821-0CBCFD5F74D0}.Release|Any CPU.Build.0 = Release|Any CPU
	EndGlobalSection
	GlobalSection(SolutionProperties) = preSolution
		HideSolutionNode = FALSE
	EndGlobalSection
	GlobalSection(ExtensibilityGlobals) = postSolution
		SolutionGuid = {D3C0F42A-D196-46E8-8760-03820B43D258}
	EndGlobalSection
EndGlobal
